// !$*UTF8*$!
{
	archiveVersion = 1;
	classes = {
	};
	objectVersion = 55;
	objects = {

/* Begin PBXBuildFile section */
		24B2E1EC8463978C64249E63 /* Pods_Chat.framework in Frameworks */ = {isa = PBXBuildFile; fileRef = 6CDAC176DC23C82DEC02FD4E /* Pods_Chat.framework */; };
		50BDB296F7B1C147F81A04B0 /* Pods_Chat_ChatUITests.framework in Frameworks */ = {isa = PBXBuildFile; fileRef = 596C8E35A5BE42FE4691FC61 /* Pods_Chat_ChatUITests.framework */; };
		678754FB2787602100D3AF6B /* AppDelegate.swift in Sources */ = {isa = PBXBuildFile; fileRef = 678754FA2787602100D3AF6B /* AppDelegate.swift */; };
		678754FD2787602100D3AF6B /* SceneDelegate.swift in Sources */ = {isa = PBXBuildFile; fileRef = 678754FC2787602100D3AF6B /* SceneDelegate.swift */; };
		678754FF2787602100D3AF6B /* WelcomeViewController.swift in Sources */ = {isa = PBXBuildFile; fileRef = 678754FE2787602100D3AF6B /* WelcomeViewController.swift */; };
		678755022787602100D3AF6B /* Main.storyboard in Resources */ = {isa = PBXBuildFile; fileRef = 678755002787602100D3AF6B /* Main.storyboard */; };
		678755042787602200D3AF6B /* Assets.xcassets in Resources */ = {isa = PBXBuildFile; fileRef = 678755032787602200D3AF6B /* Assets.xcassets */; };
		678755072787602200D3AF6B /* LaunchScreen.storyboard in Resources */ = {isa = PBXBuildFile; fileRef = 678755052787602200D3AF6B /* LaunchScreen.storyboard */; };
		678755122787602200D3AF6B /* ChatTests.swift in Sources */ = {isa = PBXBuildFile; fileRef = 678755112787602200D3AF6B /* ChatTests.swift */; };
		6787551C2787602300D3AF6B /* ChatUITests.swift in Sources */ = {isa = PBXBuildFile; fileRef = 6787551B2787602300D3AF6B /* ChatUITests.swift */; };
		6787551E2787602300D3AF6B /* ChatUITestsLaunchTests.swift in Sources */ = {isa = PBXBuildFile; fileRef = 6787551D2787602300D3AF6B /* ChatUITestsLaunchTests.swift */; };
		6787552F2787682300D3AF6B /* CreateAccountViewController.swift in Sources */ = {isa = PBXBuildFile; fileRef = 6787552E2787682300D3AF6B /* CreateAccountViewController.swift */; };
		678755312787683100D3AF6B /* LoginViewController.swift in Sources */ = {isa = PBXBuildFile; fileRef = 678755302787683100D3AF6B /* LoginViewController.swift */; };
		678755332787689800D3AF6B /* MessageViewController.swift in Sources */ = {isa = PBXBuildFile; fileRef = 678755322787689800D3AF6B /* MessageViewController.swift */; };
		6787553F2787F5C900D3AF6B /* GoogleService-Info.plist in Resources */ = {isa = PBXBuildFile; fileRef = 6787553E2787F5C900D3AF6B /* GoogleService-Info.plist */; };
		D2B3D39E547FFFEF4372462D /* Pods_ChatTests.framework in Frameworks */ = {isa = PBXBuildFile; fileRef = 3355E483C8BE881B59919315 /* Pods_ChatTests.framework */; };
/* End PBXBuildFile section */

/* Begin PBXContainerItemProxy section */
		6787550E2787602200D3AF6B /* PBXContainerItemProxy */ = {
			isa = PBXContainerItemProxy;
			containerPortal = 678754EF2787602100D3AF6B /* Project object */;
			proxyType = 1;
			remoteGlobalIDString = 678754F62787602100D3AF6B;
			remoteInfo = Chat;
		};
		678755182787602300D3AF6B /* PBXContainerItemProxy */ = {
			isa = PBXContainerItemProxy;
			containerPortal = 678754EF2787602100D3AF6B /* Project object */;
			proxyType = 1;
			remoteGlobalIDString = 678754F62787602100D3AF6B;
			remoteInfo = Chat;
		};
/* End PBXContainerItemProxy section */

/* Begin PBXFileReference section */
		05273F336D21825DC1E5972E /* Pods-Chat-ChatUITests.debug.xcconfig */ = {isa = PBXFileReference; includeInIndex = 1; lastKnownFileType = text.xcconfig; name = "Pods-Chat-ChatUITests.debug.xcconfig"; path = "Target Support Files/Pods-Chat-ChatUITests/Pods-Chat-ChatUITests.debug.xcconfig"; sourceTree = "<group>"; };
		07FBE3E64D71ECDCF11BB371 /* Pods-Chat.release.xcconfig */ = {isa = PBXFileReference; includeInIndex = 1; lastKnownFileType = text.xcconfig; name = "Pods-Chat.release.xcconfig"; path = "Target Support Files/Pods-Chat/Pods-Chat.release.xcconfig"; sourceTree = "<group>"; };
		332B17BD44103178CA3398B2 /* Pods-Chat-ChatUITests.release.xcconfig */ = {isa = PBXFileReference; includeInIndex = 1; lastKnownFileType = text.xcconfig; name = "Pods-Chat-ChatUITests.release.xcconfig"; path = "Target Support Files/Pods-Chat-ChatUITests/Pods-Chat-ChatUITests.release.xcconfig"; sourceTree = "<group>"; };
		3355E483C8BE881B59919315 /* Pods_ChatTests.framework */ = {isa = PBXFileReference; explicitFileType = wrapper.framework; includeInIndex = 0; path = Pods_ChatTests.framework; sourceTree = BUILT_PRODUCTS_DIR; };
		433C8BE19639A2FC30388F96 /* Pods-ChatTests.debug.xcconfig */ = {isa = PBXFileReference; includeInIndex = 1; lastKnownFileType = text.xcconfig; name = "Pods-ChatTests.debug.xcconfig"; path = "Target Support Files/Pods-ChatTests/Pods-ChatTests.debug.xcconfig"; sourceTree = "<group>"; };
		596C8E35A5BE42FE4691FC61 /* Pods_Chat_ChatUITests.framework */ = {isa = PBXFileReference; explicitFileType = wrapper.framework; includeInIndex = 0; path = Pods_Chat_ChatUITests.framework; sourceTree = BUILT_PRODUCTS_DIR; };
		605374B9FCAB72429CC3CCE3 /* Pods-Chat.debug.xcconfig */ = {isa = PBXFileReference; includeInIndex = 1; lastKnownFileType = text.xcconfig; name = "Pods-Chat.debug.xcconfig"; path = "Target Support Files/Pods-Chat/Pods-Chat.debug.xcconfig"; sourceTree = "<group>"; };
		678754F72787602100D3AF6B /* Chat.app */ = {isa = PBXFileReference; explicitFileType = wrapper.application; includeInIndex = 0; path = Chat.app; sourceTree = BUILT_PRODUCTS_DIR; };
		678754FA2787602100D3AF6B /* AppDelegate.swift */ = {isa = PBXFileReference; lastKnownFileType = sourcecode.swift; path = AppDelegate.swift; sourceTree = "<group>"; };
		678754FC2787602100D3AF6B /* SceneDelegate.swift */ = {isa = PBXFileReference; lastKnownFileType = sourcecode.swift; path = SceneDelegate.swift; sourceTree = "<group>"; };
		678754FE2787602100D3AF6B /* WelcomeViewController.swift */ = {isa = PBXFileReference; lastKnownFileType = sourcecode.swift; path = WelcomeViewController.swift; sourceTree = "<group>"; };
		678755012787602100D3AF6B /* Base */ = {isa = PBXFileReference; lastKnownFileType = file.storyboard; name = Base; path = Base.lproj/Main.storyboard; sourceTree = "<group>"; };
		678755032787602200D3AF6B /* Assets.xcassets */ = {isa = PBXFileReference; lastKnownFileType = folder.assetcatalog; path = Assets.xcassets; sourceTree = "<group>"; };
		678755062787602200D3AF6B /* Base */ = {isa = PBXFileReference; lastKnownFileType = file.storyboard; name = Base; path = Base.lproj/LaunchScreen.storyboard; sourceTree = "<group>"; };
		678755082787602200D3AF6B /* Info.plist */ = {isa = PBXFileReference; lastKnownFileType = text.plist.xml; path = Info.plist; sourceTree = "<group>"; };
		6787550D2787602200D3AF6B /* ChatTests.xctest */ = {isa = PBXFileReference; explicitFileType = wrapper.cfbundle; includeInIndex = 0; path = ChatTests.xctest; sourceTree = BUILT_PRODUCTS_DIR; };
		678755112787602200D3AF6B /* ChatTests.swift */ = {isa = PBXFileReference; lastKnownFileType = sourcecode.swift; path = ChatTests.swift; sourceTree = "<group>"; };
		678755172787602300D3AF6B /* ChatUITests.xctest */ = {isa = PBXFileReference; explicitFileType = wrapper.cfbundle; includeInIndex = 0; path = ChatUITests.xctest; sourceTree = BUILT_PRODUCTS_DIR; };
		6787551B2787602300D3AF6B /* ChatUITests.swift */ = {isa = PBXFileReference; lastKnownFileType = sourcecode.swift; path = ChatUITests.swift; sourceTree = "<group>"; };
		6787551D2787602300D3AF6B /* ChatUITestsLaunchTests.swift */ = {isa = PBXFileReference; lastKnownFileType = sourcecode.swift; path = ChatUITestsLaunchTests.swift; sourceTree = "<group>"; };
		6787552E2787682300D3AF6B /* CreateAccountViewController.swift */ = {isa = PBXFileReference; lastKnownFileType = sourcecode.swift; path = CreateAccountViewController.swift; sourceTree = "<group>"; };
		678755302787683100D3AF6B /* LoginViewController.swift */ = {isa = PBXFileReference; lastKnownFileType = sourcecode.swift; path = LoginViewController.swift; sourceTree = "<group>"; };
		678755322787689800D3AF6B /* MessageViewController.swift */ = {isa = PBXFileReference; lastKnownFileType = sourcecode.swift; path = MessageViewController.swift; sourceTree = "<group>"; };
		6787553E2787F5C900D3AF6B /* GoogleService-Info.plist */ = {isa = PBXFileReference; fileEncoding = 4; lastKnownFileType = text.plist.xml; path = "GoogleService-Info.plist"; sourceTree = "<group>"; };
		6CDAC176DC23C82DEC02FD4E /* Pods_Chat.framework */ = {isa = PBXFileReference; explicitFileType = wrapper.framework; includeInIndex = 0; path = Pods_Chat.framework; sourceTree = BUILT_PRODUCTS_DIR; };
		FD0539E0B317ACDD0964FFEF /* Pods-ChatTests.release.xcconfig */ = {isa = PBXFileReference; includeInIndex = 1; lastKnownFileType = text.xcconfig; name = "Pods-ChatTests.release.xcconfig"; path = "Target Support Files/Pods-ChatTests/Pods-ChatTests.release.xcconfig"; sourceTree = "<group>"; };
/* End PBXFileReference section */

/* Begin PBXFrameworksBuildPhase section */
		678754F42787602100D3AF6B /* Frameworks */ = {
			isa = PBXFrameworksBuildPhase;
			buildActionMask = 2147483647;
			files = (
				24B2E1EC8463978C64249E63 /* Pods_Chat.framework in Frameworks */,
			);
			runOnlyForDeploymentPostprocessing = 0;
		};
		6787550A2787602200D3AF6B /* Frameworks */ = {
			isa = PBXFrameworksBuildPhase;
			buildActionMask = 2147483647;
			files = (
				D2B3D39E547FFFEF4372462D /* Pods_ChatTests.framework in Frameworks */,
			);
			runOnlyForDeploymentPostprocessing = 0;
		};
		678755142787602300D3AF6B /* Frameworks */ = {
			isa = PBXFrameworksBuildPhase;
			buildActionMask = 2147483647;
			files = (
				50BDB296F7B1C147F81A04B0 /* Pods_Chat_ChatUITests.framework in Frameworks */,
			);
			runOnlyForDeploymentPostprocessing = 0;
		};
/* End PBXFrameworksBuildPhase section */

/* Begin PBXGroup section */
		4D86D3F741149E2F3CA1FCB1 /* Pods */ = {
			isa = PBXGroup;
			children = (
				605374B9FCAB72429CC3CCE3 /* Pods-Chat.debug.xcconfig */,
				07FBE3E64D71ECDCF11BB371 /* Pods-Chat.release.xcconfig */,
				05273F336D21825DC1E5972E /* Pods-Chat-ChatUITests.debug.xcconfig */,
				332B17BD44103178CA3398B2 /* Pods-Chat-ChatUITests.release.xcconfig */,
				433C8BE19639A2FC30388F96 /* Pods-ChatTests.debug.xcconfig */,
				FD0539E0B317ACDD0964FFEF /* Pods-ChatTests.release.xcconfig */,
			);
			path = Pods;
			sourceTree = "<group>";
		};
		678754EE2787602100D3AF6B = {
			isa = PBXGroup;
			children = (
				678754F92787602100D3AF6B /* Chat */,
				678755102787602200D3AF6B /* ChatTests */,
				6787551A2787602300D3AF6B /* ChatUITests */,
				678754F82787602100D3AF6B /* Products */,
				4D86D3F741149E2F3CA1FCB1 /* Pods */,
				9FF6D9269E612A7119B6279D /* Frameworks */,
			);
			sourceTree = "<group>";
		};
		678754F82787602100D3AF6B /* Products */ = {
			isa = PBXGroup;
			children = (
				678754F72787602100D3AF6B /* Chat.app */,
				6787550D2787602200D3AF6B /* ChatTests.xctest */,
				678755172787602300D3AF6B /* ChatUITests.xctest */,
			);
			name = Products;
			sourceTree = "<group>";
		};
		678754F92787602100D3AF6B /* Chat */ = {
			isa = PBXGroup;
			children = (
				6787552A2787605800D3AF6B /* Support File */,
				6787552D278760B400D3AF6B /* Model */,
				6787552C2787609600D3AF6B /* Views */,
				6787552B2787607C00D3AF6B /* Controller */,
				678755342787CD0A00D3AF6B /* Extention */,
				678755032787602200D3AF6B /* Assets.xcassets */,
				678755052787602200D3AF6B /* LaunchScreen.storyboard */,
				678755082787602200D3AF6B /* Info.plist */,
				6787553E2787F5C900D3AF6B /* GoogleService-Info.plist */,
			);
			path = Chat;
			sourceTree = "<group>";
		};
		678755102787602200D3AF6B /* ChatTests */ = {
			isa = PBXGroup;
			children = (
				678755112787602200D3AF6B /* ChatTests.swift */,
			);
			path = ChatTests;
			sourceTree = "<group>";
		};
		6787551A2787602300D3AF6B /* ChatUITests */ = {
			isa = PBXGroup;
			children = (
				6787551B2787602300D3AF6B /* ChatUITests.swift */,
				6787551D2787602300D3AF6B /* ChatUITestsLaunchTests.swift */,
			);
			path = ChatUITests;
			sourceTree = "<group>";
		};
		6787552A2787605800D3AF6B /* Support File */ = {
			isa = PBXGroup;
			children = (
				678754FA2787602100D3AF6B /* AppDelegate.swift */,
				678754FC2787602100D3AF6B /* SceneDelegate.swift */,
			);
			path = "Support File";
			sourceTree = "<group>";
		};
		6787552B2787607C00D3AF6B /* Controller */ = {
			isa = PBXGroup;
			children = (
				678754FE2787602100D3AF6B /* WelcomeViewController.swift */,
				6787552E2787682300D3AF6B /* CreateAccountViewController.swift */,
				678755302787683100D3AF6B /* LoginViewController.swift */,
				678755322787689800D3AF6B /* MessageViewController.swift */,
			);
			path = Controller;
			sourceTree = "<group>";
		};
		6787552C2787609600D3AF6B /* Views */ = {
			isa = PBXGroup;
			children = (
				678755002787602100D3AF6B /* Main.storyboard */,
			);
			path = Views;
			sourceTree = "<group>";
		};
		6787552D278760B400D3AF6B /* Model */ = {
			isa = PBXGroup;
			children = (
			);
			path = Model;
			sourceTree = "<group>";
		};
		678755342787CD0A00D3AF6B /* Extention */ = {
			isa = PBXGroup;
			children = (
			);
			name = Extention;
			sourceTree = "<group>";
		};
		9FF6D9269E612A7119B6279D /* Frameworks */ = {
			isa = PBXGroup;
			children = (
				6CDAC176DC23C82DEC02FD4E /* Pods_Chat.framework */,
				596C8E35A5BE42FE4691FC61 /* Pods_Chat_ChatUITests.framework */,
				3355E483C8BE881B59919315 /* Pods_ChatTests.framework */,
			);
			name = Frameworks;
			sourceTree = "<group>";
		};
/* End PBXGroup section */

/* Begin PBXNativeTarget section */
		678754F62787602100D3AF6B /* Chat */ = {
			isa = PBXNativeTarget;
			buildConfigurationList = 678755212787602300D3AF6B /* Build configuration list for PBXNativeTarget "Chat" */;
			buildPhases = (
				A08077116B2B60DF236E8D82 /* [CP] Check Pods Manifest.lock */,
				678754F32787602100D3AF6B /* Sources */,
				678754F42787602100D3AF6B /* Frameworks */,
				678754F52787602100D3AF6B /* Resources */,
				AA111E68E43933F5C569ABDA /* [CP] Embed Pods Frameworks */,
			);
			buildRules = (
			);
			dependencies = (
			);
			name = Chat;
			productName = Chat;
			productReference = 678754F72787602100D3AF6B /* Chat.app */;
			productType = "com.apple.product-type.application";
		};
		6787550C2787602200D3AF6B /* ChatTests */ = {
			isa = PBXNativeTarget;
			buildConfigurationList = 678755242787602300D3AF6B /* Build configuration list for PBXNativeTarget "ChatTests" */;
			buildPhases = (
				3E6B42F04798A0CBC229D52A /* [CP] Check Pods Manifest.lock */,
				678755092787602200D3AF6B /* Sources */,
				6787550A2787602200D3AF6B /* Frameworks */,
				6787550B2787602200D3AF6B /* Resources */,
			);
			buildRules = (
			);
			dependencies = (
				6787550F2787602200D3AF6B /* PBXTargetDependency */,
			);
			name = ChatTests;
			productName = ChatTests;
			productReference = 6787550D2787602200D3AF6B /* ChatTests.xctest */;
			productType = "com.apple.product-type.bundle.unit-test";
		};
		678755162787602300D3AF6B /* ChatUITests */ = {
			isa = PBXNativeTarget;
			buildConfigurationList = 678755272787602300D3AF6B /* Build configuration list for PBXNativeTarget "ChatUITests" */;
			buildPhases = (
				025E8DAE336447965EDED91C /* [CP] Check Pods Manifest.lock */,
				678755132787602300D3AF6B /* Sources */,
				678755142787602300D3AF6B /* Frameworks */,
				678755152787602300D3AF6B /* Resources */,
				F4B3405D2C99AF5EB79E9713 /* [CP] Embed Pods Frameworks */,
			);
			buildRules = (
			);
			dependencies = (
				678755192787602300D3AF6B /* PBXTargetDependency */,
			);
			name = ChatUITests;
			productName = ChatUITests;
			productReference = 678755172787602300D3AF6B /* ChatUITests.xctest */;
			productType = "com.apple.product-type.bundle.ui-testing";
		};
/* End PBXNativeTarget section */

/* Begin PBXProject section */
		678754EF2787602100D3AF6B /* Project object */ = {
			isa = PBXProject;
			attributes = {
				BuildIndependentTargetsInParallel = 1;
				LastSwiftUpdateCheck = 1320;
				LastUpgradeCheck = 1320;
				TargetAttributes = {
					678754F62787602100D3AF6B = {
						CreatedOnToolsVersion = 13.2.1;
					};
					6787550C2787602200D3AF6B = {
						CreatedOnToolsVersion = 13.2.1;
						TestTargetID = 678754F62787602100D3AF6B;
					};
					678755162787602300D3AF6B = {
						CreatedOnToolsVersion = 13.2.1;
						TestTargetID = 678754F62787602100D3AF6B;
					};
				};
			};
			buildConfigurationList = 678754F22787602100D3AF6B /* Build configuration list for PBXProject "Chat" */;
			compatibilityVersion = "Xcode 13.0";
			developmentRegion = en;
			hasScannedForEncodings = 0;
			knownRegions = (
				en,
				Base,
			);
			mainGroup = 678754EE2787602100D3AF6B;
			productRefGroup = 678754F82787602100D3AF6B /* Products */;
			projectDirPath = "";
			projectRoot = "";
			targets = (
				678754F62787602100D3AF6B /* Chat */,
				6787550C2787602200D3AF6B /* ChatTests */,
				678755162787602300D3AF6B /* ChatUITests */,
			);
		};
/* End PBXProject section */

/* Begin PBXResourcesBuildPhase section */
		678754F52787602100D3AF6B /* Resources */ = {
			isa = PBXResourcesBuildPhase;
			buildActionMask = 2147483647;
			files = (
				678755072787602200D3AF6B /* LaunchScreen.storyboard in Resources */,
				678755042787602200D3AF6B /* Assets.xcassets in Resources */,
				6787553F2787F5C900D3AF6B /* GoogleService-Info.plist in Resources */,
				678755022787602100D3AF6B /* Main.storyboard in Resources */,
			);
			runOnlyForDeploymentPostprocessing = 0;
		};
		6787550B2787602200D3AF6B /* Resources */ = {
			isa = PBXResourcesBuildPhase;
			buildActionMask = 2147483647;
			files = (
			);
			runOnlyForDeploymentPostprocessing = 0;
		};
		678755152787602300D3AF6B /* Resources */ = {
			isa = PBXResourcesBuildPhase;
			buildActionMask = 2147483647;
			files = (
			);
			runOnlyForDeploymentPostprocessing = 0;
		};
/* End PBXResourcesBuildPhase section */

/* Begin PBXShellScriptBuildPhase section */
		025E8DAE336447965EDED91C /* [CP] Check Pods Manifest.lock */ = {
			isa = PBXShellScriptBuildPhase;
			buildActionMask = 2147483647;
			files = (
			);
			inputFileListPaths = (
			);
			inputPaths = (
				"${PODS_PODFILE_DIR_PATH}/Podfile.lock",
				"${PODS_ROOT}/Manifest.lock",
			);
			name = "[CP] Check Pods Manifest.lock";
			outputFileListPaths = (
			);
			outputPaths = (
				"$(DERIVED_FILE_DIR)/Pods-Chat-ChatUITests-checkManifestLockResult.txt",
			);
			runOnlyForDeploymentPostprocessing = 0;
			shellPath = /bin/sh;
			shellScript = "diff \"${PODS_PODFILE_DIR_PATH}/Podfile.lock\" \"${PODS_ROOT}/Manifest.lock\" > /dev/null\nif [ $? != 0 ] ; then\n    # print error to STDERR\n    echo \"error: The sandbox is not in sync with the Podfile.lock. Run 'pod install' or update your CocoaPods installation.\" >&2\n    exit 1\nfi\n# This output is used by Xcode 'outputs' to avoid re-running this script phase.\necho \"SUCCESS\" > \"${SCRIPT_OUTPUT_FILE_0}\"\n";
			showEnvVarsInLog = 0;
		};
		3E6B42F04798A0CBC229D52A /* [CP] Check Pods Manifest.lock */ = {
			isa = PBXShellScriptBuildPhase;
			buildActionMask = 2147483647;
			files = (
			);
			inputFileListPaths = (
			);
			inputPaths = (
				"${PODS_PODFILE_DIR_PATH}/Podfile.lock",
				"${PODS_ROOT}/Manifest.lock",
			);
			name = "[CP] Check Pods Manifest.lock";
			outputFileListPaths = (
			);
			outputPaths = (
				"$(DERIVED_FILE_DIR)/Pods-ChatTests-checkManifestLockResult.txt",
			);
			runOnlyForDeploymentPostprocessing = 0;
			shellPath = /bin/sh;
			shellScript = "diff \"${PODS_PODFILE_DIR_PATH}/Podfile.lock\" \"${PODS_ROOT}/Manifest.lock\" > /dev/null\nif [ $? != 0 ] ; then\n    # print error to STDERR\n    echo \"error: The sandbox is not in sync with the Podfile.lock. Run 'pod install' or update your CocoaPods installation.\" >&2\n    exit 1\nfi\n# This output is used by Xcode 'outputs' to avoid re-running this script phase.\necho \"SUCCESS\" > \"${SCRIPT_OUTPUT_FILE_0}\"\n";
			showEnvVarsInLog = 0;
		};
		A08077116B2B60DF236E8D82 /* [CP] Check Pods Manifest.lock */ = {
			isa = PBXShellScriptBuildPhase;
			buildActionMask = 2147483647;
			files = (
			);
			inputFileListPaths = (
			);
			inputPaths = (
				"${PODS_PODFILE_DIR_PATH}/Podfile.lock",
				"${PODS_ROOT}/Manifest.lock",
			);
			name = "[CP] Check Pods Manifest.lock";
			outputFileListPaths = (
			);
			outputPaths = (
				"$(DERIVED_FILE_DIR)/Pods-Chat-checkManifestLockResult.txt",
			);
			runOnlyForDeploymentPostprocessing = 0;
			shellPath = /bin/sh;
			shellScript = "diff \"${PODS_PODFILE_DIR_PATH}/Podfile.lock\" \"${PODS_ROOT}/Manifest.lock\" > /dev/null\nif [ $? != 0 ] ; then\n    # print error to STDERR\n    echo \"error: The sandbox is not in sync with the Podfile.lock. Run 'pod install' or update your CocoaPods installation.\" >&2\n    exit 1\nfi\n# This output is used by Xcode 'outputs' to avoid re-running this script phase.\necho \"SUCCESS\" > \"${SCRIPT_OUTPUT_FILE_0}\"\n";
			showEnvVarsInLog = 0;
		};
		AA111E68E43933F5C569ABDA /* [CP] Embed Pods Frameworks */ = {
			isa = PBXShellScriptBuildPhase;
			buildActionMask = 2147483647;
			files = (
			);
			inputFileListPaths = (
				"${PODS_ROOT}/Target Support Files/Pods-Chat/Pods-Chat-frameworks-${CONFIGURATION}-input-files.xcfilelist",
			);
			name = "[CP] Embed Pods Frameworks";
			outputFileListPaths = (
				"${PODS_ROOT}/Target Support Files/Pods-Chat/Pods-Chat-frameworks-${CONFIGURATION}-output-files.xcfilelist",
			);
			runOnlyForDeploymentPostprocessing = 0;
			shellPath = /bin/sh;
			shellScript = "\"${PODS_ROOT}/Target Support Files/Pods-Chat/Pods-Chat-frameworks.sh\"\n";
			showEnvVarsInLog = 0;
		};
		F4B3405D2C99AF5EB79E9713 /* [CP] Embed Pods Frameworks */ = {
			isa = PBXShellScriptBuildPhase;
			buildActionMask = 2147483647;
			files = (
			);
			inputFileListPaths = (
				"${PODS_ROOT}/Target Support Files/Pods-Chat-ChatUITests/Pods-Chat-ChatUITests-frameworks-${CONFIGURATION}-input-files.xcfilelist",
			);
			name = "[CP] Embed Pods Frameworks";
			outputFileListPaths = (
				"${PODS_ROOT}/Target Support Files/Pods-Chat-ChatUITests/Pods-Chat-ChatUITests-frameworks-${CONFIGURATION}-output-files.xcfilelist",
			);
			runOnlyForDeploymentPostprocessing = 0;
			shellPath = /bin/sh;
			shellScript = "\"${PODS_ROOT}/Target Support Files/Pods-Chat-ChatUITests/Pods-Chat-ChatUITests-frameworks.sh\"\n";
			showEnvVarsInLog = 0;
		};
/* End PBXShellScriptBuildPhase section */

/* Begin PBXSourcesBuildPhase section */
		678754F32787602100D3AF6B /* Sources */ = {
			isa = PBXSourcesBuildPhase;
			buildActionMask = 2147483647;
			files = (
				6787552F2787682300D3AF6B /* CreateAccountViewController.swift in Sources */,
				678754FF2787602100D3AF6B /* WelcomeViewController.swift in Sources */,
				678754FB2787602100D3AF6B /* AppDelegate.swift in Sources */,
				678755312787683100D3AF6B /* LoginViewController.swift in Sources */,
				678755332787689800D3AF6B /* MessageViewController.swift in Sources */,
				678754FD2787602100D3AF6B /* SceneDelegate.swift in Sources */,
			);
			runOnlyForDeploymentPostprocessing = 0;
		};
		678755092787602200D3AF6B /* Sources */ = {
			isa = PBXSourcesBuildPhase;
			buildActionMask = 2147483647;
			files = (
				678755122787602200D3AF6B /* ChatTests.swift in Sources */,
			);
			runOnlyForDeploymentPostprocessing = 0;
		};
		678755132787602300D3AF6B /* Sources */ = {
			isa = PBXSourcesBuildPhase;
			buildActionMask = 2147483647;
			files = (
				6787551E2787602300D3AF6B /* ChatUITestsLaunchTests.swift in Sources */,
				6787551C2787602300D3AF6B /* ChatUITests.swift in Sources */,
			);
			runOnlyForDeploymentPostprocessing = 0;
		};
/* End PBXSourcesBuildPhase section */

/* Begin PBXTargetDependency section */
		6787550F2787602200D3AF6B /* PBXTargetDependency */ = {
			isa = PBXTargetDependency;
			target = 678754F62787602100D3AF6B /* Chat */;
			targetProxy = 6787550E2787602200D3AF6B /* PBXContainerItemProxy */;
		};
		678755192787602300D3AF6B /* PBXTargetDependency */ = {
			isa = PBXTargetDependency;
			target = 678754F62787602100D3AF6B /* Chat */;
			targetProxy = 678755182787602300D3AF6B /* PBXContainerItemProxy */;
		};
/* End PBXTargetDependency section */

/* Begin PBXVariantGroup section */
		678755002787602100D3AF6B /* Main.storyboard */ = {
			isa = PBXVariantGroup;
			children = (
				678755012787602100D3AF6B /* Base */,
			);
			name = Main.storyboard;
			sourceTree = "<group>";
		};
		678755052787602200D3AF6B /* LaunchScreen.storyboard */ = {
			isa = PBXVariantGroup;
			children = (
				678755062787602200D3AF6B /* Base */,
			);
			name = LaunchScreen.storyboard;
			sourceTree = "<group>";
		};
/* End PBXVariantGroup section */

/* Begin XCBuildConfiguration section */
		6787551F2787602300D3AF6B /* Debug */ = {
			isa = XCBuildConfiguration;
			buildSettings = {
				ALWAYS_SEARCH_USER_PATHS = NO;
				CLANG_ANALYZER_NONNULL = YES;
				CLANG_ANALYZER_NUMBER_OBJECT_CONVERSION = YES_AGGRESSIVE;
				CLANG_CXX_LANGUAGE_STANDARD = "gnu++17";
				CLANG_CXX_LIBRARY = "libc++";
				CLANG_ENABLE_MODULES = YES;
				CLANG_ENABLE_OBJC_ARC = YES;
				CLANG_ENABLE_OBJC_WEAK = YES;
				CLANG_WARN_BLOCK_CAPTURE_AUTORELEASING = YES;
				CLANG_WARN_BOOL_CONVERSION = YES;
				CLANG_WARN_COMMA = YES;
				CLANG_WARN_CONSTANT_CONVERSION = YES;
				CLANG_WARN_DEPRECATED_OBJC_IMPLEMENTATIONS = YES;
				CLANG_WARN_DIRECT_OBJC_ISA_USAGE = YES_ERROR;
				CLANG_WARN_DOCUMENTATION_COMMENTS = YES;
				CLANG_WARN_EMPTY_BODY = YES;
				CLANG_WARN_ENUM_CONVERSION = YES;
				CLANG_WARN_INFINITE_RECURSION = YES;
				CLANG_WARN_INT_CONVERSION = YES;
				CLANG_WARN_NON_LITERAL_NULL_CONVERSION = YES;
				CLANG_WARN_OBJC_IMPLICIT_RETAIN_SELF = YES;
				CLANG_WARN_OBJC_LITERAL_CONVERSION = YES;
				CLANG_WARN_OBJC_ROOT_CLASS = YES_ERROR;
				CLANG_WARN_QUOTED_INCLUDE_IN_FRAMEWORK_HEADER = YES;
				CLANG_WARN_RANGE_LOOP_ANALYSIS = YES;
				CLANG_WARN_STRICT_PROTOTYPES = YES;
				CLANG_WARN_SUSPICIOUS_MOVE = YES;
				CLANG_WARN_UNGUARDED_AVAILABILITY = YES_AGGRESSIVE;
				CLANG_WARN_UNREACHABLE_CODE = YES;
				CLANG_WARN__DUPLICATE_METHOD_MATCH = YES;
				COPY_PHASE_STRIP = NO;
				DEBUG_INFORMATION_FORMAT = dwarf;
				ENABLE_STRICT_OBJC_MSGSEND = YES;
				ENABLE_TESTABILITY = YES;
				GCC_C_LANGUAGE_STANDARD = gnu11;
				GCC_DYNAMIC_NO_PIC = NO;
				GCC_NO_COMMON_BLOCKS = YES;
				GCC_OPTIMIZATION_LEVEL = 0;
				GCC_PREPROCESSOR_DEFINITIONS = (
					"DEBUG=1",
					"$(inherited)",
				);
				GCC_WARN_64_TO_32_BIT_CONVERSION = YES;
				GCC_WARN_ABOUT_RETURN_TYPE = YES_ERROR;
				GCC_WARN_UNDECLARED_SELECTOR = YES;
				GCC_WARN_UNINITIALIZED_AUTOS = YES_AGGRESSIVE;
				GCC_WARN_UNUSED_FUNCTION = YES;
				GCC_WARN_UNUSED_VARIABLE = YES;
				IPHONEOS_DEPLOYMENT_TARGET = 15.2;
				MTL_ENABLE_DEBUG_INFO = INCLUDE_SOURCE;
				MTL_FAST_MATH = YES;
				ONLY_ACTIVE_ARCH = YES;
				SDKROOT = iphoneos;
				SWIFT_ACTIVE_COMPILATION_CONDITIONS = DEBUG;
				SWIFT_OPTIMIZATION_LEVEL = "-Onone";
			};
			name = Debug;
		};
		678755202787602300D3AF6B /* Release */ = {
			isa = XCBuildConfiguration;
			buildSettings = {
				ALWAYS_SEARCH_USER_PATHS = NO;
				CLANG_ANALYZER_NONNULL = YES;
				CLANG_ANALYZER_NUMBER_OBJECT_CONVERSION = YES_AGGRESSIVE;
				CLANG_CXX_LANGUAGE_STANDARD = "gnu++17";
				CLANG_CXX_LIBRARY = "libc++";
				CLANG_ENABLE_MODULES = YES;
				CLANG_ENABLE_OBJC_ARC = YES;
				CLANG_ENABLE_OBJC_WEAK = YES;
				CLANG_WARN_BLOCK_CAPTURE_AUTORELEASING = YES;
				CLANG_WARN_BOOL_CONVERSION = YES;
				CLANG_WARN_COMMA = YES;
				CLANG_WARN_CONSTANT_CONVERSION = YES;
				CLANG_WARN_DEPRECATED_OBJC_IMPLEMENTATIONS = YES;
				CLANG_WARN_DIRECT_OBJC_ISA_USAGE = YES_ERROR;
				CLANG_WARN_DOCUMENTATION_COMMENTS = YES;
				CLANG_WARN_EMPTY_BODY = YES;
				CLANG_WARN_ENUM_CONVERSION = YES;
				CLANG_WARN_INFINITE_RECURSION = YES;
				CLANG_WARN_INT_CONVERSION = YES;
				CLANG_WARN_NON_LITERAL_NULL_CONVERSION = YES;
				CLANG_WARN_OBJC_IMPLICIT_RETAIN_SELF = YES;
				CLANG_WARN_OBJC_LITERAL_CONVERSION = YES;
				CLANG_WARN_OBJC_ROOT_CLASS = YES_ERROR;
				CLANG_WARN_QUOTED_INCLUDE_IN_FRAMEWORK_HEADER = YES;
				CLANG_WARN_RANGE_LOOP_ANALYSIS = YES;
				CLANG_WARN_STRICT_PROTOTYPES = YES;
				CLANG_WARN_SUSPICIOUS_MOVE = YES;
				CLANG_WARN_UNGUARDED_AVAILABILITY = YES_AGGRESSIVE;
				CLANG_WARN_UNREACHABLE_CODE = YES;
				CLANG_WARN__DUPLICATE_METHOD_MATCH = YES;
				COPY_PHASE_STRIP = NO;
				DEBUG_INFORMATION_FORMAT = "dwarf-with-dsym";
				ENABLE_NS_ASSERTIONS = NO;
				ENABLE_STRICT_OBJC_MSGSEND = YES;
				GCC_C_LANGUAGE_STANDARD = gnu11;
				GCC_NO_COMMON_BLOCKS = YES;
				GCC_WARN_64_TO_32_BIT_CONVERSION = YES;
				GCC_WARN_ABOUT_RETURN_TYPE = YES_ERROR;
				GCC_WARN_UNDECLARED_SELECTOR = YES;
				GCC_WARN_UNINITIALIZED_AUTOS = YES_AGGRESSIVE;
				GCC_WARN_UNUSED_FUNCTION = YES;
				GCC_WARN_UNUSED_VARIABLE = YES;
				IPHONEOS_DEPLOYMENT_TARGET = 15.2;
				MTL_ENABLE_DEBUG_INFO = NO;
				MTL_FAST_MATH = YES;
				SDKROOT = iphoneos;
				SWIFT_COMPILATION_MODE = wholemodule;
				SWIFT_OPTIMIZATION_LEVEL = "-O";
				VALIDATE_PRODUCT = YES;
			};
			name = Release;
		};
		678755222787602300D3AF6B /* Debug */ = {
			isa = XCBuildConfiguration;
			baseConfigurationReference = 605374B9FCAB72429CC3CCE3 /* Pods-Chat.debug.xcconfig */;
			buildSettings = {
				ASSETCATALOG_COMPILER_APPICON_NAME = AppIcon;
				ASSETCATALOG_COMPILER_GLOBAL_ACCENT_COLOR_NAME = AccentColor;
				CODE_SIGN_STYLE = Automatic;
				CURRENT_PROJECT_VERSION = 1;
				DEVELOPMENT_TEAM = H6HD3SW977;
				GENERATE_INFOPLIST_FILE = YES;
				INFOPLIST_FILE = Chat/Info.plist;
				INFOPLIST_KEY_UIApplicationSupportsIndirectInputEvents = YES;
				INFOPLIST_KEY_UILaunchStoryboardName = LaunchScreen;
				INFOPLIST_KEY_UIMainStoryboardFile = Main;
				INFOPLIST_KEY_UISupportedInterfaceOrientations_iPad = "UIInterfaceOrientationPortrait UIInterfaceOrientationPortraitUpsideDown UIInterfaceOrientationLandscapeLeft UIInterfaceOrientationLandscapeRight";
				INFOPLIST_KEY_UISupportedInterfaceOrientations_iPhone = "UIInterfaceOrientationPortrait UIInterfaceOrientationLandscapeLeft UIInterfaceOrientationLandscapeRight";
				LD_RUNPATH_SEARCH_PATHS = (
					"$(inherited)",
					"@executable_path/Frameworks",
				);
				MARKETING_VERSION = 1.0;
				PRODUCT_BUNDLE_IDENTIFIER = con.jose.Chat;
				PRODUCT_NAME = "$(TARGET_NAME)";
				SWIFT_EMIT_LOC_STRINGS = YES;
				SWIFT_VERSION = 5.0;
				TARGETED_DEVICE_FAMILY = "1,2";
			};
			name = Debug;
		};
		678755232787602300D3AF6B /* Release */ = {
			isa = XCBuildConfiguration;
			baseConfigurationReference = 07FBE3E64D71ECDCF11BB371 /* Pods-Chat.release.xcconfig */;
			buildSettings = {
				ASSETCATALOG_COMPILER_APPICON_NAME = AppIcon;
				ASSETCATALOG_COMPILER_GLOBAL_ACCENT_COLOR_NAME = AccentColor;
				CODE_SIGN_STYLE = Automatic;
				CURRENT_PROJECT_VERSION = 1;
				DEVELOPMENT_TEAM = H6HD3SW977;
				GENERATE_INFOPLIST_FILE = YES;
				INFOPLIST_FILE = Chat/Info.plist;
				INFOPLIST_KEY_UIApplicationSupportsIndirectInputEvents = YES;
				INFOPLIST_KEY_UILaunchStoryboardName = LaunchScreen;
				INFOPLIST_KEY_UIMainStoryboardFile = Main;
				INFOPLIST_KEY_UISupportedInterfaceOrientations_iPad = "UIInterfaceOrientationPortrait UIInterfaceOrientationPortraitUpsideDown UIInterfaceOrientationLandscapeLeft UIInterfaceOrientationLandscapeRight";
				INFOPLIST_KEY_UISupportedInterfaceOrientations_iPhone = "UIInterfaceOrientationPortrait UIInterfaceOrientationLandscapeLeft UIInterfaceOrientationLandscapeRight";
				LD_RUNPATH_SEARCH_PATHS = (
					"$(inherited)",
					"@executable_path/Frameworks",
				);
				MARKETING_VERSION = 1.0;
				PRODUCT_BUNDLE_IDENTIFIER = con.jose.Chat;
				PRODUCT_NAME = "$(TARGET_NAME)";
				SWIFT_EMIT_LOC_STRINGS = YES;
				SWIFT_VERSION = 5.0;
				TARGETED_DEVICE_FAMILY = "1,2";
			};
			name = Release;
		};
		678755252787602300D3AF6B /* Debug */ = {
			isa = XCBuildConfiguration;
			baseConfigurationReference = 433C8BE19639A2FC30388F96 /* Pods-ChatTests.debug.xcconfig */;
			buildSettings = {
				ALWAYS_EMBED_SWIFT_STANDARD_LIBRARIES = YES;
				BUNDLE_LOADER = "$(TEST_HOST)";
				CODE_SIGN_STYLE = Automatic;
				CURRENT_PROJECT_VERSION = 1;
				DEVELOPMENT_TEAM = H6HD3SW977;
				GENERATE_INFOPLIST_FILE = YES;
				IPHONEOS_DEPLOYMENT_TARGET = 15.2;
				MARKETING_VERSION = 1.0;
				PRODUCT_BUNDLE_IDENTIFIER = con.jose.ChatTests;
				PRODUCT_NAME = "$(TARGET_NAME)";
				SWIFT_EMIT_LOC_STRINGS = NO;
				SWIFT_VERSION = 5.0;
				TARGETED_DEVICE_FAMILY = "1,2";
				TEST_HOST = "$(BUILT_PRODUCTS_DIR)/Chat.app/Chat";
			};
			name = Debug;
		};
		678755262787602300D3AF6B /* Release */ = {
			isa = XCBuildConfiguration;
			baseConfigurationReference = FD0539E0B317ACDD0964FFEF /* Pods-ChatTests.release.xcconfig */;
			buildSettings = {
				ALWAYS_EMBED_SWIFT_STANDARD_LIBRARIES = YES;
				BUNDLE_LOADER = "$(TEST_HOST)";
				CODE_SIGN_STYLE = Automatic;
				CURRENT_PROJECT_VERSION = 1;
				DEVELOPMENT_TEAM = H6HD3SW977;
				GENERATE_INFOPLIST_FILE = YES;
				IPHONEOS_DEPLOYMENT_TARGET = 15.2;
				MARKETING_VERSION = 1.0;
				PRODUCT_BUNDLE_IDENTIFIER = con.jose.ChatTests;
				PRODUCT_NAME = "$(TARGET_NAME)";
				SWIFT_EMIT_LOC_STRINGS = NO;
				SWIFT_VERSION = 5.0;
				TARGETED_DEVICE_FAMILY = "1,2";
				TEST_HOST = "$(BUILT_PRODUCTS_DIR)/Chat.app/Chat";
			};
			name = Release;
		};
		678755282787602300D3AF6B /* Debug */ = {
			isa = XCBuildConfiguration;
			baseConfigurationReference = 05273F336D21825DC1E5972E /* Pods-Chat-ChatUITests.debug.xcconfig */;
			buildSettings = {
				ALWAYS_EMBED_SWIFT_STANDARD_LIBRARIES = YES;
				CODE_SIGN_STYLE = Automatic;
				CURRENT_PROJECT_VERSION = 1;
				DEVELOPMENT_TEAM = H6HD3SW977;
				GENERATE_INFOPLIST_FILE = YES;
				MARKETING_VERSION = 1.0;
				PRODUCT_BUNDLE_IDENTIFIER = con.jose.ChatUITests;
				PRODUCT_NAME = "$(TARGET_NAME)";
				SWIFT_EMIT_LOC_STRINGS = NO;
				SWIFT_VERSION = 5.0;
				TARGETED_DEVICE_FAMILY = "1,2";
				TEST_TARGET_NAME = Chat;
			};
			name = Debug;
		};
		678755292787602300D3AF6B /* Release */ = {
			isa = XCBuildConfiguration;
			baseConfigurationReference = 332B17BD44103178CA3398B2 /* Pods-Chat-ChatUITests.release.xcconfig */;
			buildSettings = {
				ALWAYS_EMBED_SWIFT_STANDARD_LIBRARIES = YES;
				CODE_SIGN_STYLE = Automatic;
				CURRENT_PROJECT_VERSION = 1;
				DEVELOPMENT_TEAM = H6HD3SW977;
				GENERATE_INFOPLIST_FILE = YES;
				MARKETING_VERSION = 1.0;
				PRODUCT_BUNDLE_IDENTIFIER = con.jose.ChatUITests;
				PRODUCT_NAME = "$(TARGET_NAME)";
				SWIFT_EMIT_LOC_STRINGS = NO;
				SWIFT_VERSION = 5.0;
				TARGETED_DEVICE_FAMILY = "1,2";
				TEST_TARGET_NAME = Chat;
			};
			name = Release;
		};
/* End XCBuildConfiguration section */

/* Begin XCConfigurationList section */
		678754F22787602100D3AF6B /* Build configuration list for PBXProject "Chat" */ = {
			isa = XCConfigurationList;
			buildConfigurations = (
				6787551F2787602300D3AF6B /* Debug */,
				678755202787602300D3AF6B /* Release */,
			);
			defaultConfigurationIsVisible = 0;
			defaultConfigurationName = Release;
		};
		678755212787602300D3AF6B /* Build configuration list for PBXNativeTarget "Chat" */ = {
			isa = XCConfigurationList;
			buildConfigurations = (
				678755222787602300D3AF6B /* Debug */,
				678755232787602300D3AF6B /* Release */,
			);
			defaultConfigurationIsVisible = 0;
			defaultConfigurationName = Release;
		};
		678755242787602300D3AF6B /* Build configuration list for PBXNativeTarget "ChatTests" */ = {
			isa = XCConfigurationList;
			buildConfigurations = (
				678755252787602300D3AF6B /* Debug */,
				678755262787602300D3AF6B /* Release */,
			);
			defaultConfigurationIsVisible = 0;
			defaultConfigurationName = Release;
		};
		678755272787602300D3AF6B /* Build configuration list for PBXNativeTarget "ChatUITests" */ = {
			isa = XCConfigurationList;
			buildConfigurations = (
				678755282787602300D3AF6B /* Debug */,
				678755292787602300D3AF6B /* Release */,
			);
			defaultConfigurationIsVisible = 0;
			defaultConfigurationName = Release;
		};
/* End XCConfigurationList section */
	};
	rootObject = 678754EF2787602100D3AF6B /* Project object */;
}
